
Microsoft Visual Studio Solution File, Format Version 12.00
# Visual Studio Version 17
VisualStudioVersion = 17.5.33424.131
MinimumVisualStudioVersion = 10.0.40219.1
Project("{FAE04EC0-301F-11D3-BF4B-00C04F79EFBC}") = "lab8-mvc-net", "lab8-mvc-net\lab8-mvc-net.csproj", "{E51F5D90-6A20-4D40-A821-8FF7662E4F77}"
EndProject
Global
	GlobalSection(SolutionConfigurationPlatforms) = preSolution
		Debug|Any CPU = Debug|Any CPU
		Release|Any CPU = Release|Any CPU
	EndGlobalSection
	GlobalSection(ProjectConfigurationPlatforms) = postSolution
		{E51F5D90-6A20-4D40-A821-8FF7662E4F77}.Debug|Any CPU.ActiveCfg = Debug|Any CPU
		{E51F5D90-6A20-4D40-A821-8FF7662E4F77}.Debug|Any CPU.Build.0 = Debug|Any CPU
		{E51F5D90-6A20-4D40-A821-8FF7662E4F77}.Release|Any CPU.ActiveCfg = Release|Any CPU
		{E51F5D90-6A20-4D40-A821-8FF7662E4F77}.Release|Any CPU.Build.0 = Release|Any CPU
	EndGlobalSection
	GlobalSection(SolutionProperties) = preSolution
		HideSolutionNode = FALSE
	EndGlobalSection
	GlobalSection(ExtensibilityGlobals) = postSolution
		SolutionGuid = {C9D1B7A8-99EA-4BC2-A7E8-74252D401EA4}
	EndGlobalSection
EndGlobal
